
Microsoft Visual Studio Solution File, Format Version 12.00
# Visual Studio Version 16
VisualStudioVersion = 16.0.29319.158
MinimumVisualStudioVersion = 10.0.40219.1
Project("{FAE04EC0-301F-11D3-BF4B-00C04F79EFBC}") = "MorePlatformsC.UWP", "MorePlatformsC\MorePlatformsC.UWP\MorePlatformsC.UWP.csproj", "{09743720-F280-4AFF-8015-5E71A31DA734}"
EndProject
Project("{FAE04EC0-301F-11D3-BF4B-00C04F79EFBC}") = "MorePlatformsC.Android", "MorePlatformsC\MorePlatformsC.Android\MorePlatformsC.Android.csproj", "{8E198920-A50D-4846-BE40-6BF8BF75ADDB}"
EndProject
Project("{FAE04EC0-301F-11D3-BF4B-00C04F79EFBC}") = "MorePlatformsC.iOS", "MorePlatformsC\MorePlatformsC.iOS\MorePlatformsC.iOS.csproj", "{881B2240-C589-4800-8519-9A267FA01ECA}"
EndProject
Project("{FAE04EC0-301F-11D3-BF4B-00C04F79EFBC}") = "MorePlatformsC", "MorePlatformsC\MorePlatformsC\MorePlatformsC.csproj", "{775742D0-2B8C-4305-9F44-AE75EE735A6F}"
EndProject
Project("{FAE04EC0-301F-11D3-BF4B-00C04F79EFBC}") = "MorePlatformsC.Mac", "MorePlatformsC.Mac\MorePlatformsC.Mac.csproj", "{54287524-30C1-4801-A77F-F1DB5EA42411}"
EndProject
Global
	GlobalSection(SolutionConfigurationPlatforms) = preSolution
		Debug|Any CPU = Debug|Any CPU
		Debug|ARM = Debug|ARM
		Debug|iPhone = Debug|iPhone
		Debug|iPhoneSimulator = Debug|iPhoneSimulator
		Debug|x64 = Debug|x64
		Debug|x86 = Debug|x86
		Release|Any CPU = Release|Any CPU
		Release|ARM = Release|ARM
		Release|iPhone = Release|iPhone
		Release|iPhoneSimulator = Release|iPhoneSimulator
		Release|x64 = Release|x64
		Release|x86 = Release|x86
	EndGlobalSection
	GlobalSection(ProjectConfigurationPlatforms) = postSolution
		{09743720-F280-4AFF-8015-5E71A31DA734}.Debug|Any CPU.ActiveCfg = Debug|x86
		{09743720-F280-4AFF-8015-5E71A31DA734}.Debug|Any CPU.Build.0 = Debug|x86
		{09743720-F280-4AFF-8015-5E71A31DA734}.Debug|Any CPU.Deploy.0 = Debug|x86
		{09743720-F280-4AFF-8015-5E71A31DA734}.Debug|ARM.ActiveCfg = Debug|ARM
		{09743720-F280-4AFF-8015-5E71A31DA734}.Debug|ARM.Build.0 = Debug|ARM
		{09743720-F280-4AFF-8015-5E71A31DA734}.Debug|ARM.Deploy.0 = Debug|ARM
		{09743720-F280-4AFF-8015-5E71A31DA734}.Debug|iPhone.ActiveCfg = Debug|x86
		{09743720-F280-4AFF-8015-5E71A31DA734}.Debug|iPhone.Build.0 = Debug|x86
		{09743720-F280-4AFF-8015-5E71A31DA734}.Debug|iPhone.Deploy.0 = Debug|x86
		{09743720-F280-4AFF-8015-5E71A31DA734}.Debug|iPhoneSimulator.ActiveCfg = Debug|x86
		{09743720-F280-4AFF-8015-5E71A31DA734}.Debug|iPhoneSimulator.Build.0 = Debug|x86
		{09743720-F280-4AFF-8015-5E71A31DA734}.Debug|iPhoneSimulator.Deploy.0 = Debug|x86
		{09743720-F280-4AFF-8015-5E71A31DA734}.Debug|x64.ActiveCfg = Debug|x64
		{09743720-F280-4AFF-8015-5E71A31DA734}.Debug|x64.Build.0 = Debug|x64
		{09743720-F280-4AFF-8015-5E71A31DA734}.Debug|x64.Deploy.0 = Debug|x64
		{09743720-F280-4AFF-8015-5E71A31DA734}.Debug|x86.ActiveCfg = Debug|x86
		{09743720-F280-4AFF-8015-5E71A31DA734}.Debug|x86.Build.0 = Debug|x86
		{09743720-F280-4AFF-8015-5E71A31DA734}.Debug|x86.Deploy.0 = Debug|x86
		{09743720-F280-4AFF-8015-5E71A31DA734}.Release|Any CPU.ActiveCfg = Release|x86
		{09743720-F280-4AFF-8015-5E71A31DA734}.Release|Any CPU.Build.0 = Release|x86
		{09743720-F280-4AFF-8015-5E71A31DA734}.Release|Any CPU.Deploy.0 = Release|x86
		{09743720-F280-4AFF-8015-5E71A31DA734}.Release|ARM.ActiveCfg = Release|ARM
		{09743720-F280-4AFF-8015-5E71A31DA734}.Release|ARM.Build.0 = Release|ARM
		{09743720-F280-4AFF-8015-5E71A31DA734}.Release|ARM.Deploy.0 = Release|ARM
		{09743720-F280-4AFF-8015-5E71A31DA734}.Release|iPhone.ActiveCfg = Release|x86
		{09743720-F280-4AFF-8015-5E71A31DA734}.Release|iPhone.Build.0 = Release|x86
		{09743720-F280-4AFF-8015-5E71A31DA734}.Release|iPhone.Deploy.0 = Release|x86
		{09743720-F280-4AFF-8015-5E71A31DA734}.Release|iPhoneSimulator.ActiveCfg = Release|x86
		{09743720-F280-4AFF-8015-5E71A31DA734}.Release|iPhoneSimulator.Build.0 = Release|x86
		{09743720-F280-4AFF-8015-5E71A31DA734}.Release|iPhoneSimulator.Deploy.0 = Release|x86
		{09743720-F280-4AFF-8015-5E71A31DA734}.Release|x64.ActiveCfg = Release|x64
		{09743720-F280-4AFF-8015-5E71A31DA734}.Release|x64.Build.0 = Release|x64
		{09743720-F280-4AFF-8015-5E71A31DA734}.Release|x64.Deploy.0 = Release|x64
		{09743720-F280-4AFF-8015-5E71A31DA734}.Release|x86.ActiveCfg = Release|x86
		{09743720-F280-4AFF-8015-5E71A31DA734}.Release|x86.Build.0 = Release|x86
		{09743720-F280-4AFF-8015-5E71A31DA734}.Release|x86.Deploy.0 = Release|x86
		{8E198920-A50D-4846-BE40-6BF8BF75ADDB}.Debug|Any CPU.ActiveCfg = Debug|Any CPU
		{8E198920-A50D-4846-BE40-6BF8BF75ADDB}.Debug|Any CPU.Build.0 = Debug|Any CPU
		{8E198920-A50D-4846-BE40-6BF8BF75ADDB}.Debug|Any CPU.Deploy.0 = Debug|Any CPU
		{8E198920-A50D-4846-BE40-6BF8BF75ADDB}.Debug|ARM.ActiveCfg = Debug|Any CPU
		{8E198920-A50D-4846-BE40-6BF8BF75ADDB}.Debug|ARM.Build.0 = Debug|Any CPU
		{8E198920-A50D-4846-BE40-6BF8BF75ADDB}.Debug|ARM.Deploy.0 = Debug|Any CPU
		{8E198920-A50D-4846-BE40-6BF8BF75ADDB}.Debug|iPhone.ActiveCfg = Debug|Any CPU
		{8E198920-A50D-4846-BE40-6BF8BF75ADDB}.Debug|iPhone.Build.0 = Debug|Any CPU
		{8E198920-A50D-4846-BE40-6BF8BF75ADDB}.Debug|iPhone.Deploy.0 = Debug|Any CPU
		{8E198920-A50D-4846-BE40-6BF8BF75ADDB}.Debug|iPhoneSimulator.ActiveCfg = Debug|Any CPU
		{8E198920-A50D-4846-BE40-6BF8BF75ADDB}.Debug|iPhoneSimulator.Build.0 = Debug|Any CPU
		{8E198920-A50D-4846-BE40-6BF8BF75ADDB}.Debug|iPhoneSimulator.Deploy.0 = Debug|Any CPU
		{8E198920-A50D-4846-BE40-6BF8BF75ADDB}.Debug|x64.ActiveCfg = Debug|Any CPU
		{8E198920-A50D-4846-BE40-6BF8BF75ADDB}.Debug|x64.Build.0 = Debug|Any CPU
		{8E198920-A50D-4846-BE40-6BF8BF75ADDB}.Debug|x64.Deploy.0 = Debug|Any CPU
		{8E198920-A50D-4846-BE40-6BF8BF75ADDB}.Debug|x86.ActiveCfg = Debug|Any CPU
		{8E198920-A50D-4846-BE40-6BF8BF75ADDB}.Debug|x86.Build.0 = Debug|Any CPU
		{8E198920-A50D-4846-BE40-6BF8BF75ADDB}.Debug|x86.Deploy.0 = Debug|Any CPU
		{8E198920-A50D-4846-BE40-6BF8BF75ADDB}.Release|Any CPU.ActiveCfg = Release|Any CPU
		{8E198920-A50D-4846-BE40-6BF8BF75ADDB}.Release|Any CPU.Build.0 = Release|Any CPU
		{8E198920-A50D-4846-BE40-6BF8BF75ADDB}.Release|Any CPU.Deploy.0 = Release|Any CPU
		{8E198920-A50D-4846-BE40-6BF8BF75ADDB}.Release|ARM.ActiveCfg = Release|Any CPU
		{8E198920-A50D-4846-BE40-6BF8BF75ADDB}.Release|ARM.Build.0 = Release|Any CPU
		{8E198920-A50D-4846-BE40-6BF8BF75ADDB}.Release|ARM.Deploy.0 = Release|Any CPU
		{8E198920-A50D-4846-BE40-6BF8BF75ADDB}.Release|iPhone.ActiveCfg = Release|Any CPU
		{8E198920-A50D-4846-BE40-6BF8BF75ADDB}.Release|iPhone.Build.0 = Release|Any CPU
		{8E198920-A50D-4846-BE40-6BF8BF75ADDB}.Release|iPhone.Deploy.0 = Release|Any CPU
		{8E198920-A50D-4846-BE40-6BF8BF75ADDB}.Release|iPhoneSimulator.ActiveCfg = Release|Any CPU
		{8E198920-A50D-4846-BE40-6BF8BF75ADDB}.Release|iPhoneSimulator.Build.0 = Release|Any CPU
		{8E198920-A50D-4846-BE40-6BF8BF75ADDB}.Release|iPhoneSimulator.Deploy.0 = Release|Any CPU
		{8E198920-A50D-4846-BE40-6BF8BF75ADDB}.Release|x64.ActiveCfg = Release|Any CPU
		{8E198920-A50D-4846-BE40-6BF8BF75ADDB}.Release|x64.Build.0 = Release|Any CPU
		{8E198920-A50D-4846-BE40-6BF8BF75ADDB}.Release|x64.Deploy.0 = Release|Any CPU
		{8E198920-A50D-4846-BE40-6BF8BF75ADDB}.Release|x86.ActiveCfg = Release|Any CPU
		{8E198920-A50D-4846-BE40-6BF8BF75ADDB}.Release|x86.Build.0 = Release|Any CPU
		{8E198920-A50D-4846-BE40-6BF8BF75ADDB}.Release|x86.Deploy.0 = Release|Any CPU
		{881B2240-C589-4800-8519-9A267FA01ECA}.Debug|Any CPU.ActiveCfg = Debug|iPhone
		{881B2240-C589-4800-8519-9A267FA01ECA}.Debug|Any CPU.Build.0 = Debug|iPhone
		{881B2240-C589-4800-8519-9A267FA01ECA}.Debug|Any CPU.Deploy.0 = Debug|iPhone
		{881B2240-C589-4800-8519-9A267FA01ECA}.Debug|ARM.ActiveCfg = Debug|iPhoneSimulator
		{881B2240-C589-4800-8519-9A267FA01ECA}.Debug|ARM.Build.0 = Debug|iPhoneSimulator
		{881B2240-C589-4800-8519-9A267FA01ECA}.Debug|ARM.Deploy.0 = Debug|iPhoneSimulator
		{881B2240-C589-4800-8519-9A267FA01ECA}.Debug|iPhone.ActiveCfg = Debug|iPhone
		{881B2240-C589-4800-8519-9A267FA01ECA}.Debug|iPhone.Build.0 = Debug|iPhone
		{881B2240-C589-4800-8519-9A267FA01ECA}.Debug|iPhone.Deploy.0 = Debug|iPhone
		{881B2240-C589-4800-8519-9A267FA01ECA}.Debug|iPhoneSimulator.ActiveCfg = Debug|iPhoneSimulator
		{881B2240-C589-4800-8519-9A267FA01ECA}.Debug|iPhoneSimulator.Build.0 = Debug|iPhoneSimulator
		{881B2240-C589-4800-8519-9A267FA01ECA}.Debug|iPhoneSimulator.Deploy.0 = Debug|iPhoneSimulator
		{881B2240-C589-4800-8519-9A267FA01ECA}.Debug|x64.ActiveCfg = Debug|iPhone
		{881B2240-C589-4800-8519-9A267FA01ECA}.Debug|x64.Build.0 = Debug|iPhone
		{881B2240-C589-4800-8519-9A267FA01ECA}.Debug|x64.Deploy.0 = Debug|iPhone
		{881B2240-C589-4800-8519-9A267FA01ECA}.Debug|x86.ActiveCfg = Debug|iPhone
		{881B2240-C589-4800-8519-9A267FA01ECA}.Debug|x86.Build.0 = Debug|iPhone
		{881B2240-C589-4800-8519-9A267FA01ECA}.Debug|x86.Deploy.0 = Debug|iPhone
		{881B2240-C589-4800-8519-9A267FA01ECA}.Release|Any CPU.ActiveCfg = Release|iPhone
		{881B2240-C589-4800-8519-9A267FA01ECA}.Release|Any CPU.Build.0 = Release|iPhone
		{881B2240-C589-4800-8519-9A267FA01ECA}.Release|Any CPU.Deploy.0 = Release|iPhone
		{881B2240-C589-4800-8519-9A267FA01ECA}.Release|ARM.ActiveCfg = Release|iPhone
		{881B2240-C589-4800-8519-9A267FA01ECA}.Release|ARM.Build.0 = Release|iPhone
		{881B2240-C589-4800-8519-9A267FA01ECA}.Release|ARM.Deploy.0 = Release|iPhone
		{881B2240-C589-4800-8519-9A267FA01ECA}.Release|iPhone.ActiveCfg = Release|iPhone
		{881B2240-C589-4800-8519-9A267FA01ECA}.Release|iPhone.Build.0 = Release|iPhone
		{881B2240-C589-4800-8519-9A267FA01ECA}.Release|iPhone.Deploy.0 = Release|iPhone
		{881B2240-C589-4800-8519-9A267FA01ECA}.Release|iPhoneSimulator.ActiveCfg = Release|iPhoneSimulator
		{881B2240-C589-4800-8519-9A267FA01ECA}.Release|iPhoneSimulator.Build.0 = Release|iPhoneSimulator
		{881B2240-C589-4800-8519-9A267FA01ECA}.Release|iPhoneSimulator.Deploy.0 = Release|iPhoneSimulator
		{881B2240-C589-4800-8519-9A267FA01ECA}.Release|x64.ActiveCfg = Release|iPhone
		{881B2240-C589-4800-8519-9A267FA01ECA}.Release|x64.Build.0 = Release|iPhone
		{881B2240-C589-4800-8519-9A267FA01ECA}.Release|x64.Deploy.0 = Release|iPhone
		{881B2240-C589-4800-8519-9A267FA01ECA}.Release|x86.ActiveCfg = Release|iPhone
		{881B2240-C589-4800-8519-9A267FA01ECA}.Release|x86.Build.0 = Release|iPhone
		{881B2240-C589-4800-8519-9A267FA01ECA}.Release|x86.Deploy.0 = Release|iPhone
		{775742D0-2B8C-4305-9F44-AE75EE735A6F}.Debug|Any CPU.ActiveCfg = Debug|Any CPU
		{775742D0-2B8C-4305-9F44-AE75EE735A6F}.Debug|Any CPU.Build.0 = Debug|Any CPU
		{775742D0-2B8C-4305-9F44-AE75EE735A6F}.Debug|Any CPU.Deploy.0 = Debug|Any CPU
		{775742D0-2B8C-4305-9F44-AE75EE735A6F}.Debug|ARM.ActiveCfg = Debug|Any CPU
		{775742D0-2B8C-4305-9F44-AE75EE735A6F}.Debug|ARM.Build.0 = Debug|Any CPU
		{775742D0-2B8C-4305-9F44-AE75EE735A6F}.Debug|ARM.Deploy.0 = Debug|Any CPU
		{775742D0-2B8C-4305-9F44-AE75EE735A6F}.Debug|iPhone.ActiveCfg = Debug|Any CPU
		{775742D0-2B8C-4305-9F44-AE75EE735A6F}.Debug|iPhone.Build.0 = Debug|Any CPU
		{775742D0-2B8C-4305-9F44-AE75EE735A6F}.Debug|iPhone.Deploy.0 = Debug|Any CPU
		{775742D0-2B8C-4305-9F44-AE75EE735A6F}.Debug|iPhoneSimulator.ActiveCfg = Debug|Any CPU
		{775742D0-2B8C-4305-9F44-AE75EE735A6F}.Debug|iPhoneSimulator.Build.0 = Debug|Any CPU
		{775742D0-2B8C-4305-9F44-AE75EE735A6F}.Debug|iPhoneSimulator.Deploy.0 = Debug|Any CPU
		{775742D0-2B8C-4305-9F44-AE75EE735A6F}.Debug|x64.ActiveCfg = Debug|Any CPU
		{775742D0-2B8C-4305-9F44-AE75EE735A6F}.Debug|x64.Build.0 = Debug|Any CPU
		{775742D0-2B8C-4305-9F44-AE75EE735A6F}.Debug|x64.Deploy.0 = Debug|Any CPU
		{775742D0-2B8C-4305-9F44-AE75EE735A6F}.Debug|x86.ActiveCfg = Debug|Any CPU
		{775742D0-2B8C-4305-9F44-AE75EE735A6F}.Debug|x86.Build.0 = Debug|Any CPU
		{775742D0-2B8C-4305-9F44-AE75EE735A6F}.Debug|x86.Deploy.0 = Debug|Any CPU
		{775742D0-2B8C-4305-9F44-AE75EE735A6F}.Release|Any CPU.ActiveCfg = Release|Any CPU
		{775742D0-2B8C-4305-9F44-AE75EE735A6F}.Release|Any CPU.Build.0 = Release|Any CPU
		{775742D0-2B8C-4305-9F44-AE75EE735A6F}.Release|Any CPU.Deploy.0 = Release|Any CPU
		{775742D0-2B8C-4305-9F44-AE75EE735A6F}.Release|ARM.ActiveCfg = Release|Any CPU
		{775742D0-2B8C-4305-9F44-AE75EE735A6F}.Release|ARM.Build.0 = Release|Any CPU
		{775742D0-2B8C-4305-9F44-AE75EE735A6F}.Release|ARM.Deploy.0 = Release|Any CPU
		{775742D0-2B8C-4305-9F44-AE75EE735A6F}.Release|iPhone.ActiveCfg = Release|Any CPU
		{775742D0-2B8C-4305-9F44-AE75EE735A6F}.Release|iPhone.Build.0 = Release|Any CPU
		{775742D0-2B8C-4305-9F44-AE75EE735A6F}.Release|iPhone.Deploy.0 = Release|Any CPU
		{775742D0-2B8C-4305-9F44-AE75EE735A6F}.Release|iPhoneSimulator.ActiveCfg = Release|Any CPU
		{775742D0-2B8C-4305-9F44-AE75EE735A6F}.Release|iPhoneSimulator.Build.0 = Release|Any CPU
		{775742D0-2B8C-4305-9F44-AE75EE735A6F}.Release|iPhoneSimulator.Deploy.0 = Release|Any CPU
		{775742D0-2B8C-4305-9F44-AE75EE735A6F}.Release|x64.ActiveCfg = Release|Any CPU
		{775742D0-2B8C-4305-9F44-AE75EE735A6F}.Release|x64.Build.0 = Release|Any CPU
		{775742D0-2B8C-4305-9F44-AE75EE735A6F}.Release|x64.Deploy.0 = Release|Any CPU
		{775742D0-2B8C-4305-9F44-AE75EE735A6F}.Release|x86.ActiveCfg = Release|Any CPU
		{775742D0-2B8C-4305-9F44-AE75EE735A6F}.Release|x86.Build.0 = Release|Any CPU
		{775742D0-2B8C-4305-9F44-AE75EE735A6F}.Release|x86.Deploy.0 = Release|Any CPU
		{54287524-30C1-4801-A77F-F1DB5EA42411}.Debug|Any CPU.ActiveCfg = Debug|Any CPU
		{54287524-30C1-4801-A77F-F1DB5EA42411}.Debug|Any CPU.Build.0 = Debug|Any CPU
		{54287524-30C1-4801-A77F-F1DB5EA42411}.Debug|ARM.ActiveCfg = Debug|Any CPU
		{54287524-30C1-4801-A77F-F1DB5EA42411}.Debug|ARM.Build.0 = Debug|Any CPU
		{54287524-30C1-4801-A77F-F1DB5EA42411}.Debug|iPhone.ActiveCfg = Debug|Any CPU
		{54287524-30C1-4801-A77F-F1DB5EA42411}.Debug|iPhone.Build.0 = Debug|Any CPU
		{54287524-30C1-4801-A77F-F1DB5EA42411}.Debug|iPhoneSimulator.ActiveCfg = Debug|Any CPU
		{54287524-30C1-4801-A77F-F1DB5EA42411}.Debug|iPhoneSimulator.Build.0 = Debug|Any CPU
		{54287524-30C1-4801-A77F-F1DB5EA42411}.Debug|x64.ActiveCfg = Debug|Any CPU
		{54287524-30C1-4801-A77F-F1DB5EA42411}.Debug|x64.Build.0 = Debug|Any CPU
		{54287524-30C1-4801-A77F-F1DB5EA42411}.Debug|x86.ActiveCfg = Debug|Any CPU
		{54287524-30C1-4801-A77F-F1DB5EA42411}.Debug|x86.Build.0 = Debug|Any CPU
		{54287524-30C1-4801-A77F-F1DB5EA42411}.Release|Any CPU.ActiveCfg = Release|Any CPU
		{54287524-30C1-4801-A77F-F1DB5EA42411}.Release|Any CPU.Build.0 = Release|Any CPU
		{54287524-30C1-4801-A77F-F1DB5EA42411}.Release|ARM.ActiveCfg = Release|Any CPU
		{54287524-30C1-4801-A77F-F1DB5EA42411}.Release|ARM.Build.0 = Release|Any CPU
		{54287524-30C1-4801-A77F-F1DB5EA42411}.Release|iPhone.ActiveCfg = Release|Any CPU
		{54287524-30C1-4801-A77F-F1DB5EA42411}.Release|iPhone.Build.0 = Release|Any CPU
		{54287524-30C1-4801-A77F-F1DB5EA42411}.Release|iPhoneSimulator.ActiveCfg = Release|Any CPU
		{54287524-30C1-4801-A77F-F1DB5EA42411}.Release|iPhoneSimulator.Build.0 = Release|Any CPU
		{54287524-30C1-4801-A77F-F1DB5EA42411}.Release|x64.ActiveCfg = Release|Any CPU
		{54287524-30C1-4801-A77F-F1DB5EA42411}.Release|x64.Build.0 = Release|Any CPU
		{54287524-30C1-4801-A77F-F1DB5EA42411}.Release|x86.ActiveCfg = Release|Any CPU
		{54287524-30C1-4801-A77F-F1DB5EA42411}.Release|x86.Build.0 = Release|Any CPU
	EndGlobalSection
	GlobalSection(SolutionProperties) = preSolution
		HideSolutionNode = FALSE
	EndGlobalSection
	GlobalSection(ExtensibilityGlobals) = postSolution
		SolutionGuid = {998A0537-A88E-455C-80D8-58475A5227AC}
	EndGlobalSection
EndGlobal
